// !$*UTF8*$!
{
    archiveVersion = 1;
    classes = {};
    objectVersion = 56;
    objects = {
/* Begin PBXBuildFile section */
        EFD5291ED8754BDD886DCB0E /* WirePodsMacApp.swift in Sources */ = {isa = PBXBuildFile; fileRef = E428A7A40B5A40EA89D14204 /* WirePodsMacApp.swift */; };
        DC61129AB0844A5381FD79FB /* MenuBarView.swift in Sources */ = {isa = PBXBuildFile; fileRef = 4A7B96FCDC6F46ED9E3DC081 /* MenuBarView.swift */; };
        E25BAD98E19045AFAB1B2B9F /* AirPlayReceiverChecker.swift in Sources */ = {isa = PBXBuildFile; fileRef = 2A2E91BEC8E84B8BB880C161 /* AirPlayReceiverChecker.swift */; };
        94385FE487BE46ADBCC19082 /* SystemAudioDevice.swift in Sources */ = {isa = PBXBuildFile; fileRef = 49019159F35C43CBAA2789AA /* SystemAudioDevice.swift */; };
        2A3D6477CFA3433D89B6AEAD /* SystemAudioStreamer.swift in Sources */ = {isa = PBXBuildFile; fileRef = F5EA72CF452C4BAE98D4A9EF /* SystemAudioStreamer.swift */; };
        FBC4FC2DBAED4DE8974CF004 /* SystemAudioMonitor.swift in Sources */ = {isa = PBXBuildFile; fileRef = EB54646B4E7C4EACB92C9F5A /* SystemAudioMonitor.swift */; };
        F941BB32E1724FC49594F664 /* Assets.xcassets in Resources */ = {isa = PBXBuildFile; fileRef = AB66E99C63DA4E71A8212126 /* Assets.xcassets */; };
        2414F3B04B244818BA4F93FF /* MacMediaPlayer.swift in Sources */ = {isa = PBXBuildFile; fileRef = AA8F8F0351884A53BE7DA0E9 /* MacMediaPlayer.swift */; };
        DD7AD903551E42A689762E8B /* BrowserMediaController.swift in Sources */ = {isa = PBXBuildFile; fileRef = 86AFA3CB822A4ABA914BFF38 /* BrowserMediaController.swift */; };
        38F55C2C01144BFEA8ECADC0 /* HandoffProtocol.swift in Sources */ = {isa = PBXBuildFile; fileRef = 00BEA509E429412FAF2FC8E3 /* HandoffProtocol.swift */; };
        EF4FF34F6E514702A444818E /* BonjourTransport.swift in Sources */ = {isa = PBXBuildFile; fileRef = DC4B5A93402A4DEEBEE9673E /* BonjourTransport.swift */; };
        E7803761D2314AB79A958815 /* AudioFocusController.swift in Sources */ = {isa = PBXBuildFile; fileRef = FBBC9852EC754A3083B82AC9 /* AudioFocusController.swift */; };
        00D614E9189941C68EC07817 /* PairingStore.swift in Sources */ = {isa = PBXBuildFile; fileRef = 95DE2984EEAB4E56BC00CA80 /* PairingStore.swift */; };
/* End PBXBuildFile section */
/* Begin PBXFileReference section */
        7514EBD6911147AD956E50E7 /* WirePodsMac.app */ = {isa = PBXFileReference; explicitFileType = wrapper.application; includeInIndex = 0; path = WirePodsMac.app; sourceTree = BUILT_PRODUCTS_DIR; };
        E428A7A40B5A40EA89D14204 /* WirePodsMacApp.swift */ = {isa = PBXFileReference; lastKnownFileType = sourcecode.swift; path = WirePodsMacApp.swift; sourceTree = "<group>"; };
        4A7B96FCDC6F46ED9E3DC081 /* MenuBarView.swift */ = {isa = PBXFileReference; lastKnownFileType = sourcecode.swift; path = MenuBarView.swift; sourceTree = "<group>"; };
        2A2E91BEC8E84B8BB880C161 /* AirPlayReceiverChecker.swift */ = {isa = PBXFileReference; lastKnownFileType = sourcecode.swift; path = AirPlayReceiverChecker.swift; sourceTree = "<group>"; };
        49019159F35C43CBAA2789AA /* SystemAudioDevice.swift */ = {isa = PBXFileReference; lastKnownFileType = sourcecode.swift; path = SystemAudioDevice.swift; sourceTree = "<group>"; };
        F5EA72CF452C4BAE98D4A9EF /* SystemAudioStreamer.swift */ = {isa = PBXFileReference; lastKnownFileType = sourcecode.swift; path = SystemAudioStreamer.swift; sourceTree = "<group>"; };
        EB54646B4E7C4EACB92C9F5A /* SystemAudioMonitor.swift */ = {isa = PBXFileReference; lastKnownFileType = sourcecode.swift; path = SystemAudioMonitor.swift; sourceTree = "<group>"; };
        AB66E99C63DA4E71A8212126 /* Assets.xcassets */ = {isa = PBXFileReference; lastKnownFileType = folder.assetcatalog; path = Assets.xcassets; sourceTree = "<group>"; };
        AA8F8F0351884A53BE7DA0E9 /* MacMediaPlayer.swift */ = {isa = PBXFileReference; lastKnownFileType = sourcecode.swift; path = MacMediaPlayer.swift; sourceTree = "<group>"; };
        86AFA3CB822A4ABA914BFF38 /* BrowserMediaController.swift */ = {isa = PBXFileReference; lastKnownFileType = sourcecode.swift; path = BrowserMediaController.swift; sourceTree = "<group>"; };
        00BEA509E429412FAF2FC8E3 /* HandoffProtocol.swift */ = {isa = PBXFileReference; lastKnownFileType = sourcecode.swift; path = HandoffProtocol.swift; sourceTree = "<group>"; };
        DC4B5A93402A4DEEBEE9673E /* BonjourTransport.swift */ = {isa = PBXFileReference; lastKnownFileType = sourcecode.swift; path = BonjourTransport.swift; sourceTree = "<group>"; };
        FBBC9852EC754A3083B82AC9 /* AudioFocusController.swift */ = {isa = PBXFileReference; lastKnownFileType = sourcecode.swift; path = AudioFocusController.swift; sourceTree = "<group>"; };
        95DE2984EEAB4E56BC00CA80 /* PairingStore.swift */ = {isa = PBXFileReference; lastKnownFileType = sourcecode.swift; path = PairingStore.swift; sourceTree = "<group>"; };
/* End PBXFileReference section */
/* Begin PBXGroup section */
        76080721B2C94800AE11B5AA /* main */ = {
            isa = PBXGroup;
            children = (
                FEECFE7B72C54A5B9E78A4B6 /* WirePodsMac */,
                531A99212F054B01B087F038 /* Products */,
            );
            sourceTree = "<group>";
        };
        531A99212F054B01B087F038 /* Products */ = {
            isa = PBXGroup;
            children = (7514EBD6911147AD956E50E7 /* WirePodsMac.app */,);
            name = Products;
            sourceTree = "<group>";
        };
        FEECFE7B72C54A5B9E78A4B6 /* WirePodsMac */ = {
            isa = PBXGroup;
            children = (
                CBE0703F58924E47885D62A2 /* App */,
                31A56372E75E47B5ADC68573 /* Audio */,
                6A5B41CB2E304883A5E1C196 /* Automation */,
                DF9C8DEA02794D50AC02AC2B /* WirePodsCore */,
            );
            path = Sources;
            sourceTree = "<group>";
        };
        CBE0703F58924E47885D62A2 /* App */ = {
            isa = PBXGroup;
            children = (E428A7A40B5A40EA89D14204 /* WirePodsMacApp.swift */, 4A7B96FCDC6F46ED9E3DC081 /* MenuBarView.swift */,);
            path = App;
            sourceTree = "<group>";
        };
        31A56372E75E47B5ADC68573 /* Audio */ = {
            isa = PBXGroup;
            children = (2A2E91BEC8E84B8BB880C161 /* AirPlayReceiverChecker.swift */, 49019159F35C43CBAA2789AA /* SystemAudioDevice.swift */, F5EA72CF452C4BAE98D4A9EF /* SystemAudioStreamer.swift */, EB54646B4E7C4EACB92C9F5A /* SystemAudioMonitor.swift */,
                AB66E99C63DA4E71A8212126 /* Assets.xcassets */, AA8F8F0351884A53BE7DA0E9 /* MacMediaPlayer.swift */);
            path = Audio;
            sourceTree = "<group>";
        };
        6A5B41CB2E304883A5E1C196 /* Automation */ = {
            isa = PBXGroup;
            children = (86AFA3CB822A4ABA914BFF38 /* BrowserMediaController.swift */,);
            path = Automation;
            sourceTree = "<group>";
        };
        DF9C8DEA02794D50AC02AC2B /* WirePodsCore */ = {
            isa = PBXGroup;
            children = (00BEA509E429412FAF2FC8E3 /* HandoffProtocol.swift */, DC4B5A93402A4DEEBEE9673E /* BonjourTransport.swift */, FBBC9852EC754A3083B82AC9 /* AudioFocusController.swift */, 95DE2984EEAB4E56BC00CA80 /* PairingStore.swift */,);
            path = WirePodsCore;
            sourceTree = "<group>";
        };
/* End PBXGroup section */
/* Begin PBXNativeTarget section */
        6490F4E080C34957ABCB4AC2 /* WirePodsMac */ = {
            isa = PBXNativeTarget;
            buildConfigurationList = 8124C7783D324ADC9B4141B1 /* Build configuration list for PBXNativeTarget "WirePodsMac" */;
            buildPhases = (D19A35146A2E4D14B1006264 /* Sources */, D3DEBDE1015C43F4BFB337D2 /* Frameworks */, 001F6CBD028D49CE8656D7C5 /* Resources */,);
            buildRules = ();
            dependencies = ();
            name = WirePodsMac;
            productName = WirePodsMac;
            productReference = 7514EBD6911147AD956E50E7 /* WirePodsMac.app */;
            productType = "com.apple.product-type.application";
        };
/* End PBXNativeTarget section */
/* Begin PBXProject section */
        1A2B3C4D5E6F7A8B9C0D1E2F /* Project object */ = {
            isa = PBXProject;
            attributes = {
                BuildIndependentTargetsInParallel = 1;
                LastSwiftUpdateCheck = 1500;
                LastUpgradeCheck = 1500;
                TargetAttributes = { 6490F4E080C34957ABCB4AC2 = { CreatedOnToolsVersion = 15.0; }; };
            };
            buildConfigurationList = 92FB2CC209394C05A35D00D1 /* Build configuration list for PBXProject */;
            compatibilityVersion = "Xcode 14.0";
            developmentRegion = en;
            hasScannedForEncodings = 0;
            knownRegions = (en, Base,);
            mainGroup = 76080721B2C94800AE11B5AA;
            productRefGroup = 531A99212F054B01B087F038 /* Products */;
            projectDirPath = "";
            projectRoot = "";
            targets = (6490F4E080C34957ABCB4AC2 /* WirePodsMac */,);
        };
/* End PBXProject section */
/* Begin PBXSourcesBuildPhase section */
        D19A35146A2E4D14B1006264 /* Sources */ = {
            isa = PBXSourcesBuildPhase;
            buildActionMask = 2147483647;
            files = (
                EFD5291ED8754BDD886DCB0E /* WirePodsMacApp.swift in Sources */,
                DC61129AB0844A5381FD79FB /* MenuBarView.swift in Sources */,
                E25BAD98E19045AFAB1B2B9F /* AirPlayReceiverChecker.swift in Sources */,
                94385FE487BE46ADBCC19082 /* SystemAudioDevice.swift in Sources */,
                2A3D6477CFA3433D89B6AEAD /* SystemAudioStreamer.swift in Sources */,
                FBC4FC2DBAED4DE8974CF004 /* SystemAudioMonitor.swift in Sources */,
                2414F3B04B244818BA4F93FF /* MacMediaPlayer.swift in Sources */,
                DD7AD903551E42A689762E8B /* BrowserMediaController.swift in Sources */,
                38F55C2C01144BFEA8ECADC0 /* HandoffProtocol.swift in Sources */,
                EF4FF34F6E514702A444818E /* BonjourTransport.swift in Sources */,
                E7803761D2314AB79A958815 /* AudioFocusController.swift in Sources */,
                00D614E9189941C68EC07817 /* PairingStore.swift in Sources */,
            );
            runOnlyForDeploymentPostprocessing = 0;
        };
/* End PBXSourcesBuildPhase section */
/* Begin PBXFrameworksBuildPhase section */
        D3DEBDE1015C43F4BFB337D2 /* Frameworks */ = {
            isa = PBXFrameworksBuildPhase;
            buildActionMask = 2147483647;
            files = ();
            runOnlyForDeploymentPostprocessing = 0;
        };
/* End PBXFrameworksBuildPhase section */
/* Begin PBXResourcesBuildPhase section */
        001F6CBD028D49CE8656D7C5 /* Resources */ = {
            isa = PBXResourcesBuildPhase;
            buildActionMask = 2147483647;
            files = (
                F941BB32E1724FC49594F664 /* Assets.xcassets in Resources */,);
            runOnlyForDeploymentPostprocessing = 0;
        };
/* End PBXResourcesBuildPhase section */
/* Begin XCBuildConfiguration section */
        B51D2A43E6F94A5CA5F86BC1 /* Debug */ = {
            isa = XCBuildConfiguration;
            buildSettings = {
                ALWAYS_SEARCH_USER_PATHS = NO;
                CLANG_ANALYZER_NONNULL = YES;
                CLANG_ENABLE_MODULES = YES;
                CODE_SIGN_STYLE = Automatic;
                CURRENT_PROJECT_VERSION = 1;
                GENERATE_INFOPLIST_FILE = YES;
                MARKETING_VERSION = 1.0;
                SWIFT_EMBED_LIBRARIES_WITH_USR_LIB = YES;
                SWIFT_VERSION = 5.0;
                MACOSX_DEPLOYMENT_TARGET = 14.0;
            };
            name = Debug;
        };
        CCB96BC9E6154E7F9F45370B /* Release */ = {
            isa = XCBuildConfiguration;
            buildSettings = {
                ALWAYS_SEARCH_USER_PATHS = NO;
                CLANG_ANALYZER_NONNULL = YES;
                CLANG_ENABLE_MODULES = YES;
                CODE_SIGN_STYLE = Automatic;
                CURRENT_PROJECT_VERSION = 1;
                GENERATE_INFOPLIST_FILE = YES;
                MARKETING_VERSION = 1.0;
                SWIFT_EMBED_LIBRARIES_WITH_USR_LIB = YES;
                SWIFT_VERSION = 5.0;
                MACOSX_DEPLOYMENT_TARGET = 14.0;
            };
            name = Release;
        };
        21CF969B703442BEBA0FAA7B /* Debug */ = {
            isa = XCBuildConfiguration;
            buildSettings = {
                ASSETCATALOG_COMPILER_GENERATE_SWIFT_ASSET_SYMBOL_EXTENSIONS = YES;
                CODE_SIGN_STYLE = Automatic;
                COMBINE_HIDPI_IMAGES = YES;
                GENERATE_INFOPLIST_FILE = YES;
                INFOPLIST_KEY_LSUIElement = YES;
                LD_RUNPATH_SEARCH_PATHS = ("$(inherited)", "@executable_path/../Frameworks",);
                MACOSX_DEPLOYMENT_TARGET = 14.0;
                PRODUCT_BUNDLE_IDENTIFIER = com.wirepods.mac;
                PRODUCT_NAME = WirePodsMac;
                ASSETCATALOG_COMPILER_APPICON_NAME = AppIcon;
                SWIFT_EMBED_LIBRARIES_WITH_USR_LIB = YES;
                SWIFT_VERSION = 5.0;
            };
            name = Debug;
        };
        F161620AD49D485CA0C4C7A7 /* Release */ = {
            isa = XCBuildConfiguration;
            buildSettings = {
                ASSETCATALOG_COMPILER_GENERATE_SWIFT_ASSET_SYMBOL_EXTENSIONS = YES;
                CODE_SIGN_STYLE = Automatic;
                COMBINE_HIDPI_IMAGES = YES;
                GENERATE_INFOPLIST_FILE = YES;
                INFOPLIST_KEY_LSUIElement = YES;
                LD_RUNPATH_SEARCH_PATHS = ("$(inherited)", "@executable_path/../Frameworks",);
                MACOSX_DEPLOYMENT_TARGET = 14.0;
                PRODUCT_BUNDLE_IDENTIFIER = com.wirepods.mac;
                PRODUCT_NAME = WirePodsMac;
                ASSETCATALOG_COMPILER_APPICON_NAME = AppIcon;
                SWIFT_EMBED_LIBRARIES_WITH_USR_LIB = YES;
                SWIFT_VERSION = 5.0;
            };
            name = Release;
        };
/* End XCBuildConfiguration section */
/* Begin XCConfigurationList section */
        92FB2CC209394C05A35D00D1 /* Build configuration list for PBXProject */ = {
            isa = XCConfigurationList;
            buildConfigurations = (B51D2A43E6F94A5CA5F86BC1 /* Debug */, CCB96BC9E6154E7F9F45370B /* Release */,);
            defaultConfigurationIsVisible = 0;
            defaultConfigurationName = Release;
        };
        8124C7783D324ADC9B4141B1 /* Build configuration list for PBXNativeTarget "WirePodsMac" */ = {
            isa = XCConfigurationList;
            buildConfigurations = (21CF969B703442BEBA0FAA7B /* Debug */, F161620AD49D485CA0C4C7A7 /* Release */,);
            defaultConfigurationIsVisible = 0;
            defaultConfigurationName = Release;
        };
/* End XCConfigurationList section */
    };
    rootObject = 1A2B3C4D5E6F7A8B9C0D1E2F /* Project object */;
}
